
Microsoft Visual Studio Solution File, Format Version 12.00
# Visual Studio Version 17
VisualStudioVersion = 17.4.33213.308
MinimumVisualStudioVersion = 10.0.40219.1
Project("{9A19103F-16F7-4668-BE54-9A1E7A4F7556}") = "Tutorial001", "Tutorial001\Tutorial001.csproj", "{FDACF898-1AA4-4B4F-8AE6-E7CB1859248B}"
EndProject
Global
	GlobalSection(SolutionConfigurationPlatforms) = preSolution
		Debug|Any CPU = Debug|Any CPU
		Release|Any CPU = Release|Any CPU
	EndGlobalSection
	GlobalSection(ProjectConfigurationPlatforms) = postSolution
		{FDACF898-1AA4-4B4F-8AE6-E7CB1859248B}.Debug|Any CPU.ActiveCfg = Debug|Any CPU
		{FDACF898-1AA4-4B4F-8AE6-E7CB1859248B}.Debug|Any CPU.Build.0 = Debug|Any CPU
		{FDACF898-1AA4-4B4F-8AE6-E7CB1859248B}.Release|Any CPU.ActiveCfg = Release|Any CPU
		{FDACF898-1AA4-4B4F-8AE6-E7CB1859248B}.Release|Any CPU.Build.0 = Release|Any CPU
	EndGlobalSection
	GlobalSection(SolutionProperties) = preSolution
		HideSolutionNode = FALSE
	EndGlobalSection
	GlobalSection(ExtensibilityGlobals) = postSolution
		SolutionGuid = {05B60655-C8DC-44BB-B35E-B2C8E35BD5CD}
	EndGlobalSection
EndGlobal
